// !$*UTF8*$!
{
	archiveVersion = 1;
	classes = {
	};
	objectVersion = 56;
	objects = {

/* Begin PBXBuildFile section */
		49555BC72C78C4F300F613FF /* Academy_CredoApp.swift in Sources */ = {isa = PBXBuildFile; fileRef = 49555BC62C78C4F300F613FF /* Academy_CredoApp.swift */; };
		49555BC92C78C4F300F613FF /* ContentView.swift in Sources */ = {isa = PBXBuildFile; fileRef = 49555BC82C78C4F300F613FF /* ContentView.swift */; };
		49555BCB2C78C4F500F613FF /* Assets.xcassets in Resources */ = {isa = PBXBuildFile; fileRef = 49555BCA2C78C4F500F613FF /* Assets.xcassets */; };
		49555BCE2C78C4F500F613FF /* Preview Assets.xcassets in Resources */ = {isa = PBXBuildFile; fileRef = 49555BCD2C78C4F500F613FF /* Preview Assets.xcassets */; };
		49555BD82C78C4F600F613FF /* Academy_CredoTests.swift in Sources */ = {isa = PBXBuildFile; fileRef = 49555BD72C78C4F600F613FF /* Academy_CredoTests.swift */; };
		49555BE22C78C4F600F613FF /* Academy_CredoUITests.swift in Sources */ = {isa = PBXBuildFile; fileRef = 49555BE12C78C4F600F613FF /* Academy_CredoUITests.swift */; };
		49555BE42C78C4F600F613FF /* Academy_CredoUITestsLaunchTests.swift in Sources */ = {isa = PBXBuildFile; fileRef = 49555BE32C78C4F600F613FF /* Academy_CredoUITestsLaunchTests.swift */; };
/* End PBXBuildFile section */

/* Begin PBXContainerItemProxy section */
		49555BD42C78C4F600F613FF /* PBXContainerItemProxy */ = {
			isa = PBXContainerItemProxy;
			containerPortal = 49555BBB2C78C4F300F613FF /* Project object */;
			proxyType = 1;
			remoteGlobalIDString = 49555BC22C78C4F300F613FF;
			remoteInfo = "Academy-Credo";
		};
		49555BDE2C78C4F600F613FF /* PBXContainerItemProxy */ = {
			isa = PBXContainerItemProxy;
			containerPortal = 49555BBB2C78C4F300F613FF /* Project object */;
			proxyType = 1;
			remoteGlobalIDString = 49555BC22C78C4F300F613FF;
			remoteInfo = "Academy-Credo";
		};
/* End PBXContainerItemProxy section */

/* Begin PBXFileReference section */
		49555BC32C78C4F300F613FF /* Academy-Credo.app */ = {isa = PBXFileReference; explicitFileType = wrapper.application; includeInIndex = 0; path = "Academy-Credo.app"; sourceTree = BUILT_PRODUCTS_DIR; };
		49555BC62C78C4F300F613FF /* Academy_CredoApp.swift */ = {isa = PBXFileReference; lastKnownFileType = sourcecode.swift; path = Academy_CredoApp.swift; sourceTree = "<group>"; };
		49555BC82C78C4F300F613FF /* ContentView.swift */ = {isa = PBXFileReference; lastKnownFileType = sourcecode.swift; path = ContentView.swift; sourceTree = "<group>"; };
		49555BCA2C78C4F500F613FF /* Assets.xcassets */ = {isa = PBXFileReference; lastKnownFileType = folder.assetcatalog; path = Assets.xcassets; sourceTree = "<group>"; };
		49555BCD2C78C4F500F613FF /* Preview Assets.xcassets */ = {isa = PBXFileReference; lastKnownFileType = folder.assetcatalog; path = "Preview Assets.xcassets"; sourceTree = "<group>"; };
		49555BD32C78C4F600F613FF /* Academy-CredoTests.xctest */ = {isa = PBXFileReference; explicitFileType = wrapper.cfbundle; includeInIndex = 0; path = "Academy-CredoTests.xctest"; sourceTree = BUILT_PRODUCTS_DIR; };
		49555BD72C78C4F600F613FF /* Academy_CredoTests.swift */ = {isa = PBXFileReference; lastKnownFileType = sourcecode.swift; path = Academy_CredoTests.swift; sourceTree = "<group>"; };
		49555BDD2C78C4F600F613FF /* Academy-CredoUITests.xctest */ = {isa = PBXFileReference; explicitFileType = wrapper.cfbundle; includeInIndex = 0; path = "Academy-CredoUITests.xctest"; sourceTree = BUILT_PRODUCTS_DIR; };
		49555BE12C78C4F600F613FF /* Academy_CredoUITests.swift */ = {isa = PBXFileReference; lastKnownFileType = sourcecode.swift; path = Academy_CredoUITests.swift; sourceTree = "<group>"; };
		49555BE32C78C4F600F613FF /* Academy_CredoUITestsLaunchTests.swift */ = {isa = PBXFileReference; lastKnownFileType = sourcecode.swift; path = Academy_CredoUITestsLaunchTests.swift; sourceTree = "<group>"; };
/* End PBXFileReference section */

/* Begin PBXFrameworksBuildPhase section */
		49555BC02C78C4F300F613FF /* Frameworks */ = {
			isa = PBXFrameworksBuildPhase;
			buildActionMask = 2147483647;
			files = (
			);
			runOnlyForDeploymentPostprocessing = 0;
		};
		49555BD02C78C4F600F613FF /* Frameworks */ = {
			isa = PBXFrameworksBuildPhase;
			buildActionMask = 2147483647;
			files = (
			);
			runOnlyForDeploymentPostprocessing = 0;
		};
		49555BDA2C78C4F600F613FF /* Frameworks */ = {
			isa = PBXFrameworksBuildPhase;
			buildActionMask = 2147483647;
			files = (
			);
			runOnlyForDeploymentPostprocessing = 0;
		};
/* End PBXFrameworksBuildPhase section */

/* Begin PBXGroup section */
		49555BBA2C78C4F300F613FF = {
			isa = PBXGroup;
			children = (
				49555BC52C78C4F300F613FF /* Academy-Credo */,
				49555BD62C78C4F600F613FF /* Academy-CredoTests */,
				49555BE02C78C4F600F613FF /* Academy-CredoUITests */,
				49555BC42C78C4F300F613FF /* Products */,
			);
			sourceTree = "<group>";
		};
		49555BC42C78C4F300F613FF /* Products */ = {
			isa = PBXGroup;
			children = (
				49555BC32C78C4F300F613FF /* Academy-Credo.app */,
				49555BD32C78C4F600F613FF /* Academy-CredoTests.xctest */,
				49555BDD2C78C4F600F613FF /* Academy-CredoUITests.xctest */,
			);
			name = Products;
			sourceTree = "<group>";
		};
		49555BC52C78C4F300F613FF /* Academy-Credo */ = {
			isa = PBXGroup;
			children = (
				49555BC62C78C4F300F613FF /* Academy_CredoApp.swift */,
				49555BC82C78C4F300F613FF /* ContentView.swift */,
				49555BCA2C78C4F500F613FF /* Assets.xcassets */,
				49555BCC2C78C4F500F613FF /* Preview Content */,
			);
			path = "Academy-Credo";
			sourceTree = "<group>";
		};
		49555BCC2C78C4F500F613FF /* Preview Content */ = {
			isa = PBXGroup;
			children = (
				49555BCD2C78C4F500F613FF /* Preview Assets.xcassets */,
			);
			path = "Preview Content";
			sourceTree = "<group>";
		};
		49555BD62C78C4F600F613FF /* Academy-CredoTests */ = {
			isa = PBXGroup;
			children = (
				49555BD72C78C4F600F613FF /* Academy_CredoTests.swift */,
			);
			path = "Academy-CredoTests";
			sourceTree = "<group>";
		};
		49555BE02C78C4F600F613FF /* Academy-CredoUITests */ = {
			isa = PBXGroup;
			children = (
				49555BE12C78C4F600F613FF /* Academy_CredoUITests.swift */,
				49555BE32C78C4F600F613FF /* Academy_CredoUITestsLaunchTests.swift */,
			);
			path = "Academy-CredoUITests";
			sourceTree = "<group>";
		};
/* End PBXGroup section */

/* Begin PBXNativeTarget section */
		49555BC22C78C4F300F613FF /* Academy-Credo */ = {
			isa = PBXNativeTarget;
			buildConfigurationList = 49555BE72C78C4F600F613FF /* Build configuration list for PBXNativeTarget "Academy-Credo" */;
			buildPhases = (
				49555BBF2C78C4F300F613FF /* Sources */,
				49555BC02C78C4F300F613FF /* Frameworks */,
				49555BC12C78C4F300F613FF /* Resources */,
			);
			buildRules = (
			);
			dependencies = (
			);
			name = "Academy-Credo";
			productName = "Academy-Credo";
			productReference = 49555BC32C78C4F300F613FF /* Academy-Credo.app */;
			productType = "com.apple.product-type.application";
		};
		49555BD22C78C4F600F613FF /* Academy-CredoTests */ = {
			isa = PBXNativeTarget;
			buildConfigurationList = 49555BEA2C78C4F600F613FF /* Build configuration list for PBXNativeTarget "Academy-CredoTests" */;
			buildPhases = (
				49555BCF2C78C4F600F613FF /* Sources */,
				49555BD02C78C4F600F613FF /* Frameworks */,
				49555BD12C78C4F600F613FF /* Resources */,
			);
			buildRules = (
			);
			dependencies = (
				49555BD52C78C4F600F613FF /* PBXTargetDependency */,
			);
			name = "Academy-CredoTests";
			productName = "Academy-CredoTests";
			productReference = 49555BD32C78C4F600F613FF /* Academy-CredoTests.xctest */;
			productType = "com.apple.product-type.bundle.unit-test";
		};
		49555BDC2C78C4F600F613FF /* Academy-CredoUITests */ = {
			isa = PBXNativeTarget;
			buildConfigurationList = 49555BED2C78C4F600F613FF /* Build configuration list for PBXNativeTarget "Academy-CredoUITests" */;
			buildPhases = (
				49555BD92C78C4F600F613FF /* Sources */,
				49555BDA2C78C4F600F613FF /* Frameworks */,
				49555BDB2C78C4F600F613FF /* Resources */,
			);
			buildRules = (
			);
			dependencies = (
				49555BDF2C78C4F600F613FF /* PBXTargetDependency */,
			);
			name = "Academy-CredoUITests";
			productName = "Academy-CredoUITests";
			productReference = 49555BDD2C78C4F600F613FF /* Academy-CredoUITests.xctest */;
			productType = "com.apple.product-type.bundle.ui-testing";
		};
/* End PBXNativeTarget section */

/* Begin PBXProject section */
		49555BBB2C78C4F300F613FF /* Project object */ = {
			isa = PBXProject;
			attributes = {
				BuildIndependentTargetsInParallel = 1;
				LastSwiftUpdateCheck = 1500;
				LastUpgradeCheck = 1500;
				TargetAttributes = {
					49555BC22C78C4F300F613FF = {
						CreatedOnToolsVersion = 15.0.1;
					};
					49555BD22C78C4F600F613FF = {
						CreatedOnToolsVersion = 15.0.1;
						TestTargetID = 49555BC22C78C4F300F613FF;
					};
					49555BDC2C78C4F600F613FF = {
						CreatedOnToolsVersion = 15.0.1;
						TestTargetID = 49555BC22C78C4F300F613FF;
					};
				};
			};
			buildConfigurationList = 49555BBE2C78C4F300F613FF /* Build configuration list for PBXProject "Academy-Credo" */;
			compatibilityVersion = "Xcode 14.0";
			developmentRegion = en;
			hasScannedForEncodings = 0;
			knownRegions = (
				en,
				Base,
			);
			mainGroup = 49555BBA2C78C4F300F613FF;
			productRefGroup = 49555BC42C78C4F300F613FF /* Products */;
			projectDirPath = "";
			projectRoot = "";
			targets = (
				49555BC22C78C4F300F613FF /* Academy-Credo */,
				49555BD22C78C4F600F613FF /* Academy-CredoTests */,
				49555BDC2C78C4F600F613FF /* Academy-CredoUITests */,
			);
		};
/* End PBXProject section */

/* Begin PBXResourcesBuildPhase section */
		49555BC12C78C4F300F613FF /* Resources */ = {
			isa = PBXResourcesBuildPhase;
			buildActionMask = 2147483647;
			files = (
				49555BCE2C78C4F500F613FF /* Preview Assets.xcassets in Resources */,
				49555BCB2C78C4F500F613FF /* Assets.xcassets in Resources */,
			);
			runOnlyForDeploymentPostprocessing = 0;
		};
		49555BD12C78C4F600F613FF /* Resources */ = {
			isa = PBXResourcesBuildPhase;
			buildActionMask = 2147483647;
			files = (
			);
			runOnlyForDeploymentPostprocessing = 0;
		};
		49555BDB2C78C4F600F613FF /* Resources */ = {
			isa = PBXResourcesBuildPhase;
			buildActionMask = 2147483647;
			files = (
			);
			runOnlyForDeploymentPostprocessing = 0;
		};
/* End PBXResourcesBuildPhase section */

/* Begin PBXSourcesBuildPhase section */
		49555BBF2C78C4F300F613FF /* Sources */ = {
			isa = PBXSourcesBuildPhase;
			buildActionMask = 2147483647;
			files = (
				49555BC92C78C4F300F613FF /* ContentView.swift in Sources */,
				49555BC72C78C4F300F613FF /* Academy_CredoApp.swift in Sources */,
			);
			runOnlyForDeploymentPostprocessing = 0;
		};
		49555BCF2C78C4F600F613FF /* Sources */ = {
			isa = PBXSourcesBuildPhase;
			buildActionMask = 2147483647;
			files = (
				49555BD82C78C4F600F613FF /* Academy_CredoTests.swift in Sources */,
			);
			runOnlyForDeploymentPostprocessing = 0;
		};
		49555BD92C78C4F600F613FF /* Sources */ = {
			isa = PBXSourcesBuildPhase;
			buildActionMask = 2147483647;
			files = (
				49555BE22C78C4F600F613FF /* Academy_CredoUITests.swift in Sources */,
				49555BE42C78C4F600F613FF /* Academy_CredoUITestsLaunchTests.swift in Sources */,
			);
			runOnlyForDeploymentPostprocessing = 0;
		};
/* End PBXSourcesBuildPhase section */

/* Begin PBXTargetDependency section */
		49555BD52C78C4F600F613FF /* PBXTargetDependency */ = {
			isa = PBXTargetDependency;
			target = 49555BC22C78C4F300F613FF /* Academy-Credo */;
			targetProxy = 49555BD42C78C4F600F613FF /* PBXContainerItemProxy */;
		};
		49555BDF2C78C4F600F613FF /* PBXTargetDependency */ = {
			isa = PBXTargetDependency;
			target = 49555BC22C78C4F300F613FF /* Academy-Credo */;
			targetProxy = 49555BDE2C78C4F600F613FF /* PBXContainerItemProxy */;
		};
/* End PBXTargetDependency section */

/* Begin XCBuildConfiguration section */
		49555BE52C78C4F600F613FF /* Debug */ = {
			isa = XCBuildConfiguration;
			buildSettings = {
				ALWAYS_SEARCH_USER_PATHS = NO;
				ASSETCATALOG_COMPILER_GENERATE_SWIFT_ASSET_SYMBOL_EXTENSIONS = YES;
				CLANG_ANALYZER_NONNULL = YES;
				CLANG_ANALYZER_NUMBER_OBJECT_CONVERSION = YES_AGGRESSIVE;
				CLANG_CXX_LANGUAGE_STANDARD = "gnu++20";
				CLANG_ENABLE_MODULES = YES;
				CLANG_ENABLE_OBJC_ARC = YES;
				CLANG_ENABLE_OBJC_WEAK = YES;
				CLANG_WARN_BLOCK_CAPTURE_AUTORELEASING = YES;
				CLANG_WARN_BOOL_CONVERSION = YES;
				CLANG_WARN_COMMA = YES;
				CLANG_WARN_CONSTANT_CONVERSION = YES;
				CLANG_WARN_DEPRECATED_OBJC_IMPLEMENTATIONS = YES;
				CLANG_WARN_DIRECT_OBJC_ISA_USAGE = YES_ERROR;
				CLANG_WARN_DOCUMENTATION_COMMENTS = YES;
				CLANG_WARN_EMPTY_BODY = YES;
				CLANG_WARN_ENUM_CONVERSION = YES;
				CLANG_WARN_INFINITE_RECURSION = YES;
				CLANG_WARN_INT_CONVERSION = YES;
				CLANG_WARN_NON_LITERAL_NULL_CONVERSION = YES;
				CLANG_WARN_OBJC_IMPLICIT_RETAIN_SELF = YES;
				CLANG_WARN_OBJC_LITERAL_CONVERSION = YES;
				CLANG_WARN_OBJC_ROOT_CLASS = YES_ERROR;
				CLANG_WARN_QUOTED_INCLUDE_IN_FRAMEWORK_HEADER = YES;
				CLANG_WARN_RANGE_LOOP_ANALYSIS = YES;
				CLANG_WARN_STRICT_PROTOTYPES = YES;
				CLANG_WARN_SUSPICIOUS_MOVE = YES;
				CLANG_WARN_UNGUARDED_AVAILABILITY = YES_AGGRESSIVE;
				CLANG_WARN_UNREACHABLE_CODE = YES;
				CLANG_WARN__DUPLICATE_METHOD_MATCH = YES;
				COPY_PHASE_STRIP = NO;
				DEBUG_INFORMATION_FORMAT = dwarf;
				ENABLE_STRICT_OBJC_MSGSEND = YES;
				ENABLE_TESTABILITY = YES;
				ENABLE_USER_SCRIPT_SANDBOXING = YES;
				GCC_C_LANGUAGE_STANDARD = gnu17;
				GCC_DYNAMIC_NO_PIC = NO;
				GCC_NO_COMMON_BLOCKS = YES;
				GCC_OPTIMIZATION_LEVEL = 0;
				GCC_PREPROCESSOR_DEFINITIONS = (
					"DEBUG=1",
					"$(inherited)",
				);
				GCC_WARN_64_TO_32_BIT_CONVERSION = YES;
				GCC_WARN_ABOUT_RETURN_TYPE = YES_ERROR;
				GCC_WARN_UNDECLARED_SELECTOR = YES;
				GCC_WARN_UNINITIALIZED_AUTOS = YES_AGGRESSIVE;
				GCC_WARN_UNUSED_FUNCTION = YES;
				GCC_WARN_UNUSED_VARIABLE = YES;
				IPHONEOS_DEPLOYMENT_TARGET = 17.0;
				LOCALIZATION_PREFERS_STRING_CATALOGS = YES;
				MTL_ENABLE_DEBUG_INFO = INCLUDE_SOURCE;
				MTL_FAST_MATH = YES;
				ONLY_ACTIVE_ARCH = YES;
				SDKROOT = iphoneos;
				SWIFT_ACTIVE_COMPILATION_CONDITIONS = "DEBUG $(inherited)";
				SWIFT_OPTIMIZATION_LEVEL = "-Onone";
			};
			name = Debug;
		};
		49555BE62C78C4F600F613FF /* Release */ = {
			isa = XCBuildConfiguration;
			buildSettings = {
				ALWAYS_SEARCH_USER_PATHS = NO;
				ASSETCATALOG_COMPILER_GENERATE_SWIFT_ASSET_SYMBOL_EXTENSIONS = YES;
				CLANG_ANALYZER_NONNULL = YES;
				CLANG_ANALYZER_NUMBER_OBJECT_CONVERSION = YES_AGGRESSIVE;
				CLANG_CXX_LANGUAGE_STANDARD = "gnu++20";
				CLANG_ENABLE_MODULES = YES;
				CLANG_ENABLE_OBJC_ARC = YES;
				CLANG_ENABLE_OBJC_WEAK = YES;
				CLANG_WARN_BLOCK_CAPTURE_AUTORELEASING = YES;
				CLANG_WARN_BOOL_CONVERSION = YES;
				CLANG_WARN_COMMA = YES;
				CLANG_WARN_CONSTANT_CONVERSION = YES;
				CLANG_WARN_DEPRECATED_OBJC_IMPLEMENTATIONS = YES;
				CLANG_WARN_DIRECT_OBJC_ISA_USAGE = YES_ERROR;
				CLANG_WARN_DOCUMENTATION_COMMENTS = YES;
				CLANG_WARN_EMPTY_BODY = YES;
				CLANG_WARN_ENUM_CONVERSION = YES;
				CLANG_WARN_INFINITE_RECURSION = YES;
				CLANG_WARN_INT_CONVERSION = YES;
				CLANG_WARN_NON_LITERAL_NULL_CONVERSION = YES;
				CLANG_WARN_OBJC_IMPLICIT_RETAIN_SELF = YES;
				CLANG_WARN_OBJC_LITERAL_CONVERSION = YES;
				CLANG_WARN_OBJC_ROOT_CLASS = YES_ERROR;
				CLANG_WARN_QUOTED_INCLUDE_IN_FRAMEWORK_HEADER = YES;
				CLANG_WARN_RANGE_LOOP_ANALYSIS = YES;
				CLANG_WARN_STRICT_PROTOTYPES = YES;
				CLANG_WARN_SUSPICIOUS_MOVE = YES;
				CLANG_WARN_UNGUARDED_AVAILABILITY = YES_AGGRESSIVE;
				CLANG_WARN_UNREACHABLE_CODE = YES;
				CLANG_WARN__DUPLICATE_METHOD_MATCH = YES;
				COPY_PHASE_STRIP = NO;
				DEBUG_INFORMATION_FORMAT = "dwarf-with-dsym";
				ENABLE_NS_ASSERTIONS = NO;
				ENABLE_STRICT_OBJC_MSGSEND = YES;
				ENABLE_USER_SCRIPT_SANDBOXING = YES;
				GCC_C_LANGUAGE_STANDARD = gnu17;
				GCC_NO_COMMON_BLOCKS = YES;
				GCC_WARN_64_TO_32_BIT_CONVERSION = YES;
				GCC_WARN_ABOUT_RETURN_TYPE = YES_ERROR;
				GCC_WARN_UNDECLARED_SELECTOR = YES;
				GCC_WARN_UNINITIALIZED_AUTOS = YES_AGGRESSIVE;
				GCC_WARN_UNUSED_FUNCTION = YES;
				GCC_WARN_UNUSED_VARIABLE = YES;
				IPHONEOS_DEPLOYMENT_TARGET = 17.0;
				LOCALIZATION_PREFERS_STRING_CATALOGS = YES;
				MTL_ENABLE_DEBUG_INFO = NO;
				MTL_FAST_MATH = YES;
				SDKROOT = iphoneos;
				SWIFT_COMPILATION_MODE = wholemodule;
				VALIDATE_PRODUCT = YES;
			};
			name = Release;
		};
		49555BE82C78C4F600F613FF /* Debug */ = {
			isa = XCBuildConfiguration;
			buildSettings = {
				ASSETCATALOG_COMPILER_APPICON_NAME = AppIcon;
				ASSETCATALOG_COMPILER_GLOBAL_ACCENT_COLOR_NAME = AccentColor;
				CODE_SIGN_STYLE = Automatic;
				CURRENT_PROJECT_VERSION = 1;
				DEVELOPMENT_ASSET_PATHS = "\"Academy-Credo/Preview Content\"";
				DEVELOPMENT_TEAM = 5UAB2YDZ59;
				ENABLE_PREVIEWS = YES;
				GENERATE_INFOPLIST_FILE = YES;
				INFOPLIST_KEY_UIApplicationSceneManifest_Generation = YES;
				INFOPLIST_KEY_UIApplicationSupportsIndirectInputEvents = YES;
				INFOPLIST_KEY_UILaunchScreen_Generation = YES;
				INFOPLIST_KEY_UISupportedInterfaceOrientations_iPad = "UIInterfaceOrientationPortrait UIInterfaceOrientationPortraitUpsideDown UIInterfaceOrientationLandscapeLeft UIInterfaceOrientationLandscapeRight";
				INFOPLIST_KEY_UISupportedInterfaceOrientations_iPhone = "UIInterfaceOrientationPortrait UIInterfaceOrientationLandscapeLeft UIInterfaceOrientationLandscapeRight";
				LD_RUNPATH_SEARCH_PATHS = (
					"$(inherited)",
					"@executable_path/Frameworks",
				);
				MARKETING_VERSION = 1.0;
				PRODUCT_BUNDLE_IDENTIFIER = "mahshad.Academy-Credo";
				PRODUCT_NAME = "$(TARGET_NAME)";
				SWIFT_EMIT_LOC_STRINGS = YES;
				SWIFT_VERSION = 5.0;
				TARGETED_DEVICE_FAMILY = "1,2";
			};
			name = Debug;
		};
		49555BE92C78C4F600F613FF /* Release */ = {
			isa = XCBuildConfiguration;
			buildSettings = {
				ASSETCATALOG_COMPILER_APPICON_NAME = AppIcon;
				ASSETCATALOG_COMPILER_GLOBAL_ACCENT_COLOR_NAME = AccentColor;
				CODE_SIGN_STYLE = Automatic;
				CURRENT_PROJECT_VERSION = 1;
				DEVELOPMENT_ASSET_PATHS = "\"Academy-Credo/Preview Content\"";
				DEVELOPMENT_TEAM = 5UAB2YDZ59;
				ENABLE_PREVIEWS = YES;
				GENERATE_INFOPLIST_FILE = YES;
				INFOPLIST_KEY_UIApplicationSceneManifest_Generation = YES;
				INFOPLIST_KEY_UIApplicationSupportsIndirectInputEvents = YES;
				INFOPLIST_KEY_UILaunchScreen_Generation = YES;
				INFOPLIST_KEY_UISupportedInterfaceOrientations_iPad = "UIInterfaceOrientationPortrait UIInterfaceOrientationPortraitUpsideDown UIInterfaceOrientationLandscapeLeft UIInterfaceOrientationLandscapeRight";
				INFOPLIST_KEY_UISupportedInterfaceOrientations_iPhone = "UIInterfaceOrientationPortrait UIInterfaceOrientationLandscapeLeft UIInterfaceOrientationLandscapeRight";
				LD_RUNPATH_SEARCH_PATHS = (
					"$(inherited)",
					"@executable_path/Frameworks",
				);
				MARKETING_VERSION = 1.0;
				PRODUCT_BUNDLE_IDENTIFIER = "mahshad.Academy-Credo";
				PRODUCT_NAME = "$(TARGET_NAME)";
				SWIFT_EMIT_LOC_STRINGS = YES;
				SWIFT_VERSION = 5.0;
				TARGETED_DEVICE_FAMILY = "1,2";
			};
			name = Release;
		};
		49555BEB2C78C4F600F613FF /* Debug */ = {
			isa = XCBuildConfiguration;
			buildSettings = {
				ALWAYS_EMBED_SWIFT_STANDARD_LIBRARIES = YES;
				BUNDLE_LOADER = "$(TEST_HOST)";
				CODE_SIGN_STYLE = Automatic;
				CURRENT_PROJECT_VERSION = 1;
				DEVELOPMENT_TEAM = 5UAB2YDZ59;
				GENERATE_INFOPLIST_FILE = YES;
				IPHONEOS_DEPLOYMENT_TARGET = 17.0;
				MARKETING_VERSION = 1.0;
				PRODUCT_BUNDLE_IDENTIFIER = "mahshad.Academy-CredoTests";
				PRODUCT_NAME = "$(TARGET_NAME)";
				SWIFT_EMIT_LOC_STRINGS = NO;
				SWIFT_VERSION = 5.0;
				TARGETED_DEVICE_FAMILY = "1,2";
				TEST_HOST = "$(BUILT_PRODUCTS_DIR)/Academy-Credo.app/$(BUNDLE_EXECUTABLE_FOLDER_PATH)/Academy-Credo";
			};
			name = Debug;
		};
		49555BEC2C78C4F600F613FF /* Release */ = {
			isa = XCBuildConfiguration;
			buildSettings = {
				ALWAYS_EMBED_SWIFT_STANDARD_LIBRARIES = YES;
				BUNDLE_LOADER = "$(TEST_HOST)";
				CODE_SIGN_STYLE = Automatic;
				CURRENT_PROJECT_VERSION = 1;
				DEVELOPMENT_TEAM = 5UAB2YDZ59;
				GENERATE_INFOPLIST_FILE = YES;
				IPHONEOS_DEPLOYMENT_TARGET = 17.0;
				MARKETING_VERSION = 1.0;
				PRODUCT_BUNDLE_IDENTIFIER = "mahshad.Academy-CredoTests";
				PRODUCT_NAME = "$(TARGET_NAME)";
				SWIFT_EMIT_LOC_STRINGS = NO;
				SWIFT_VERSION = 5.0;
				TARGETED_DEVICE_FAMILY = "1,2";
				TEST_HOST = "$(BUILT_PRODUCTS_DIR)/Academy-Credo.app/$(BUNDLE_EXECUTABLE_FOLDER_PATH)/Academy-Credo";
			};
			name = Release;
		};
		49555BEE2C78C4F600F613FF /* Debug */ = {
			isa = XCBuildConfiguration;
			buildSettings = {
				ALWAYS_EMBED_SWIFT_STANDARD_LIBRARIES = YES;
				CODE_SIGN_STYLE = Automatic;
				CURRENT_PROJECT_VERSION = 1;
				DEVELOPMENT_TEAM = 5UAB2YDZ59;
				GENERATE_INFOPLIST_FILE = YES;
				MARKETING_VERSION = 1.0;
				PRODUCT_BUNDLE_IDENTIFIER = "mahshad.Academy-CredoUITests";
				PRODUCT_NAME = "$(TARGET_NAME)";
				SWIFT_EMIT_LOC_STRINGS = NO;
				SWIFT_VERSION = 5.0;
				TARGETED_DEVICE_FAMILY = "1,2";
				TEST_TARGET_NAME = "Academy-Credo";
			};
			name = Debug;
		};
		49555BEF2C78C4F600F613FF /* Release */ = {
			isa = XCBuildConfiguration;
			buildSettings = {
				ALWAYS_EMBED_SWIFT_STANDARD_LIBRARIES = YES;
				CODE_SIGN_STYLE = Automatic;
				CURRENT_PROJECT_VERSION = 1;
				DEVELOPMENT_TEAM = 5UAB2YDZ59;
				GENERATE_INFOPLIST_FILE = YES;
				MARKETING_VERSION = 1.0;
				PRODUCT_BUNDLE_IDENTIFIER = "mahshad.Academy-CredoUITests";
				PRODUCT_NAME = "$(TARGET_NAME)";
				SWIFT_EMIT_LOC_STRINGS = NO;
				SWIFT_VERSION = 5.0;
				TARGETED_DEVICE_FAMILY = "1,2";
				TEST_TARGET_NAME = "Academy-Credo";
			};
			name = Release;
		};
/* End XCBuildConfiguration section */

/* Begin XCConfigurationList section */
		49555BBE2C78C4F300F613FF /* Build configuration list for PBXProject "Academy-Credo" */ = {
			isa = XCConfigurationList;
			buildConfigurations = (
				49555BE52C78C4F600F613FF /* Debug */,
				49555BE62C78C4F600F613FF /* Release */,
			);
			defaultConfigurationIsVisible = 0;
			defaultConfigurationName = Release;
		};
		49555BE72C78C4F600F613FF /* Build configuration list for PBXNativeTarget "Academy-Credo" */ = {
			isa = XCConfigurationList;
			buildConfigurations = (
				49555BE82C78C4F600F613FF /* Debug */,
				49555BE92C78C4F600F613FF /* Release */,
			);
			defaultConfigurationIsVisible = 0;
			defaultConfigurationName = Release;
		};
		49555BEA2C78C4F600F613FF /* Build configuration list for PBXNativeTarget "Academy-CredoTests" */ = {
			isa = XCConfigurationList;
			buildConfigurations = (
				49555BEB2C78C4F600F613FF /* Debug */,
				49555BEC2C78C4F600F613FF /* Release */,
			);
			defaultConfigurationIsVisible = 0;
			defaultConfigurationName = Release;
		};
		49555BED2C78C4F600F613FF /* Build configuration list for PBXNativeTarget "Academy-CredoUITests" */ = {
			isa = XCConfigurationList;
			buildConfigurations = (
				49555BEE2C78C4F600F613FF /* Debug */,
				49555BEF2C78C4F600F613FF /* Release */,
			);
			defaultConfigurationIsVisible = 0;
			defaultConfigurationName = Release;
		};
/* End XCConfigurationList section */
	};
	rootObject = 49555BBB2C78C4F300F613FF /* Project object */;
}
